// !$*UTF8*$!
{
	archiveVersion = 1;
	classes = {
	};
	objectVersion = 55;
	objects = {

/* Begin PBXBuildFile section */
		192585D52780F91900911F24 /* PickerView.swift in Sources */ = {isa = PBXBuildFile; fileRef = 192585D42780F91900911F24 /* PickerView.swift */; };
		1983DF2A2782829200708423 /* Low Seiko SQ50.wav in Resources */ = {isa = PBXBuildFile; fileRef = 1983DF292782829200708423 /* Low Seiko SQ50.wav */; };
		19FE3F14277C3479005B95C3 /* MetronomeApp.swift in Sources */ = {isa = PBXBuildFile; fileRef = 19FE3F13277C3479005B95C3 /* MetronomeApp.swift */; };
		19FE3F16277C3479005B95C3 /* ContentView.swift in Sources */ = {isa = PBXBuildFile; fileRef = 19FE3F15277C3479005B95C3 /* ContentView.swift */; };
		19FE3F18277C347A005B95C3 /* Assets.xcassets in Resources */ = {isa = PBXBuildFile; fileRef = 19FE3F17277C347A005B95C3 /* Assets.xcassets */; };
		19FE3F1B277C347A005B95C3 /* Preview Assets.xcassets in Resources */ = {isa = PBXBuildFile; fileRef = 19FE3F1A277C347A005B95C3 /* Preview Assets.xcassets */; };
		19FE3F25277C347B005B95C3 /* MetronomeTests.swift in Sources */ = {isa = PBXBuildFile; fileRef = 19FE3F24277C347B005B95C3 /* MetronomeTests.swift */; };
		19FE3F2F277C347B005B95C3 /* MetronomeUITests.swift in Sources */ = {isa = PBXBuildFile; fileRef = 19FE3F2E277C347B005B95C3 /* MetronomeUITests.swift */; };
		19FE3F31277C347B005B95C3 /* MetronomeUITestsLaunchTests.swift in Sources */ = {isa = PBXBuildFile; fileRef = 19FE3F30277C347B005B95C3 /* MetronomeUITestsLaunchTests.swift */; };
		19FE3F3E277E35E8005B95C3 /* Metronome.swift in Sources */ = {isa = PBXBuildFile; fileRef = 19FE3F3D277E35E8005B95C3 /* Metronome.swift */; };
		19FE3F42277E45C4005B95C3 /* High Seiko SQ50.wav in Resources */ = {isa = PBXBuildFile; fileRef = 19FE3F41277E45C4005B95C3 /* High Seiko SQ50.wav */; };
/* End PBXBuildFile section */

/* Begin PBXContainerItemProxy section */
		19FE3F21277C347B005B95C3 /* PBXContainerItemProxy */ = {
			isa = PBXContainerItemProxy;
			containerPortal = 19FE3F08277C3479005B95C3 /* Project object */;
			proxyType = 1;
			remoteGlobalIDString = 19FE3F0F277C3479005B95C3;
			remoteInfo = Metronome;
		};
		19FE3F2B277C347B005B95C3 /* PBXContainerItemProxy */ = {
			isa = PBXContainerItemProxy;
			containerPortal = 19FE3F08277C3479005B95C3 /* Project object */;
			proxyType = 1;
			remoteGlobalIDString = 19FE3F0F277C3479005B95C3;
			remoteInfo = Metronome;
		};
/* End PBXContainerItemProxy section */

/* Begin PBXFileReference section */
		192585D42780F91900911F24 /* PickerView.swift */ = {isa = PBXFileReference; lastKnownFileType = sourcecode.swift; path = PickerView.swift; sourceTree = "<group>"; };
		1983DF292782829200708423 /* Low Seiko SQ50.wav */ = {isa = PBXFileReference; lastKnownFileType = audio.wav; path = "Low Seiko SQ50.wav"; sourceTree = "<group>"; };
		19FE3F10277C3479005B95C3 /* Metronome.app */ = {isa = PBXFileReference; explicitFileType = wrapper.application; includeInIndex = 0; path = Metronome.app; sourceTree = BUILT_PRODUCTS_DIR; };
		19FE3F13277C3479005B95C3 /* MetronomeApp.swift */ = {isa = PBXFileReference; lastKnownFileType = sourcecode.swift; path = MetronomeApp.swift; sourceTree = "<group>"; };
		19FE3F15277C3479005B95C3 /* ContentView.swift */ = {isa = PBXFileReference; lastKnownFileType = sourcecode.swift; path = ContentView.swift; sourceTree = "<group>"; };
		19FE3F17277C347A005B95C3 /* Assets.xcassets */ = {isa = PBXFileReference; lastKnownFileType = folder.assetcatalog; path = Assets.xcassets; sourceTree = "<group>"; };
		19FE3F1A277C347A005B95C3 /* Preview Assets.xcassets */ = {isa = PBXFileReference; lastKnownFileType = folder.assetcatalog; path = "Preview Assets.xcassets"; sourceTree = "<group>"; };
		19FE3F20277C347B005B95C3 /* MetronomeTests.xctest */ = {isa = PBXFileReference; explicitFileType = wrapper.cfbundle; includeInIndex = 0; path = MetronomeTests.xctest; sourceTree = BUILT_PRODUCTS_DIR; };
		19FE3F24277C347B005B95C3 /* MetronomeTests.swift */ = {isa = PBXFileReference; lastKnownFileType = sourcecode.swift; path = MetronomeTests.swift; sourceTree = "<group>"; };
		19FE3F2A277C347B005B95C3 /* MetronomeUITests.xctest */ = {isa = PBXFileReference; explicitFileType = wrapper.cfbundle; includeInIndex = 0; path = MetronomeUITests.xctest; sourceTree = BUILT_PRODUCTS_DIR; };
		19FE3F2E277C347B005B95C3 /* MetronomeUITests.swift */ = {isa = PBXFileReference; lastKnownFileType = sourcecode.swift; path = MetronomeUITests.swift; sourceTree = "<group>"; };
		19FE3F30277C347B005B95C3 /* MetronomeUITestsLaunchTests.swift */ = {isa = PBXFileReference; lastKnownFileType = sourcecode.swift; path = MetronomeUITestsLaunchTests.swift; sourceTree = "<group>"; };
		19FE3F3D277E35E8005B95C3 /* Metronome.swift */ = {isa = PBXFileReference; lastKnownFileType = sourcecode.swift; path = Metronome.swift; sourceTree = "<group>"; };
		19FE3F41277E45C4005B95C3 /* High Seiko SQ50.wav */ = {isa = PBXFileReference; lastKnownFileType = audio.wav; path = "High Seiko SQ50.wav"; sourceTree = "<group>"; };
/* End PBXFileReference section */

/* Begin PBXFrameworksBuildPhase section */
		19FE3F0D277C3479005B95C3 /* Frameworks */ = {
			isa = PBXFrameworksBuildPhase;
			buildActionMask = 2147483647;
			files = (
			);
			runOnlyForDeploymentPostprocessing = 0;
		};
		19FE3F1D277C347B005B95C3 /* Frameworks */ = {
			isa = PBXFrameworksBuildPhase;
			buildActionMask = 2147483647;
			files = (
			);
			runOnlyForDeploymentPostprocessing = 0;
		};
		19FE3F27277C347B005B95C3 /* Frameworks */ = {
			isa = PBXFrameworksBuildPhase;
			buildActionMask = 2147483647;
			files = (
			);
			runOnlyForDeploymentPostprocessing = 0;
		};
/* End PBXFrameworksBuildPhase section */

/* Begin PBXGroup section */
		19FE3F07277C3479005B95C3 = {
			isa = PBXGroup;
			children = (
				19FE3F12277C3479005B95C3 /* Metronome */,
				19FE3F23277C347B005B95C3 /* MetronomeTests */,
				19FE3F2D277C347B005B95C3 /* MetronomeUITests */,
				19FE3F11277C3479005B95C3 /* Products */,
			);
			sourceTree = "<group>";
		};
		19FE3F11277C3479005B95C3 /* Products */ = {
			isa = PBXGroup;
			children = (
				19FE3F10277C3479005B95C3 /* Metronome.app */,
				19FE3F20277C347B005B95C3 /* MetronomeTests.xctest */,
				19FE3F2A277C347B005B95C3 /* MetronomeUITests.xctest */,
			);
			name = Products;
			sourceTree = "<group>";
		};
		19FE3F12277C3479005B95C3 /* Metronome */ = {
			isa = PBXGroup;
			children = (
				19FE3F41277E45C4005B95C3 /* High Seiko SQ50.wav */,
				1983DF292782829200708423 /* Low Seiko SQ50.wav */,
				19FE3F3D277E35E8005B95C3 /* Metronome.swift */,
				19FE3F13277C3479005B95C3 /* MetronomeApp.swift */,
				19FE3F15277C3479005B95C3 /* ContentView.swift */,
				19FE3F17277C347A005B95C3 /* Assets.xcassets */,
				19FE3F19277C347A005B95C3 /* Preview Content */,
				192585D42780F91900911F24 /* PickerView.swift */,
			);
			path = Metronome;
			sourceTree = "<group>";
		};
		19FE3F19277C347A005B95C3 /* Preview Content */ = {
			isa = PBXGroup;
			children = (
				19FE3F1A277C347A005B95C3 /* Preview Assets.xcassets */,
			);
			path = "Preview Content";
			sourceTree = "<group>";
		};
		19FE3F23277C347B005B95C3 /* MetronomeTests */ = {
			isa = PBXGroup;
			children = (
				19FE3F24277C347B005B95C3 /* MetronomeTests.swift */,
			);
			path = MetronomeTests;
			sourceTree = "<group>";
		};
		19FE3F2D277C347B005B95C3 /* MetronomeUITests */ = {
			isa = PBXGroup;
			children = (
				19FE3F2E277C347B005B95C3 /* MetronomeUITests.swift */,
				19FE3F30277C347B005B95C3 /* MetronomeUITestsLaunchTests.swift */,
			);
			path = MetronomeUITests;
			sourceTree = "<group>";
		};
/* End PBXGroup section */

/* Begin PBXNativeTarget section */
		19FE3F0F277C3479005B95C3 /* Metronome */ = {
			isa = PBXNativeTarget;
			buildConfigurationList = 19FE3F34277C347B005B95C3 /* Build configuration list for PBXNativeTarget "Metronome" */;
			buildPhases = (
				19FE3F0C277C3479005B95C3 /* Sources */,
				19FE3F0D277C3479005B95C3 /* Frameworks */,
				19FE3F0E277C3479005B95C3 /* Resources */,
			);
			buildRules = (
			);
			dependencies = (
			);
			name = Metronome;
			productName = Metronome;
			productReference = 19FE3F10277C3479005B95C3 /* Metronome.app */;
			productType = "com.apple.product-type.application";
		};
		19FE3F1F277C347B005B95C3 /* MetronomeTests */ = {
			isa = PBXNativeTarget;
			buildConfigurationList = 19FE3F37277C347B005B95C3 /* Build configuration list for PBXNativeTarget "MetronomeTests" */;
			buildPhases = (
				19FE3F1C277C347B005B95C3 /* Sources */,
				19FE3F1D277C347B005B95C3 /* Frameworks */,
				19FE3F1E277C347B005B95C3 /* Resources */,
			);
			buildRules = (
			);
			dependencies = (
				19FE3F22277C347B005B95C3 /* PBXTargetDependency */,
			);
			name = MetronomeTests;
			productName = MetronomeTests;
			productReference = 19FE3F20277C347B005B95C3 /* MetronomeTests.xctest */;
			productType = "com.apple.product-type.bundle.unit-test";
		};
		19FE3F29277C347B005B95C3 /* MetronomeUITests */ = {
			isa = PBXNativeTarget;
			buildConfigurationList = 19FE3F3A277C347B005B95C3 /* Build configuration list for PBXNativeTarget "MetronomeUITests" */;
			buildPhases = (
				19FE3F26277C347B005B95C3 /* Sources */,
				19FE3F27277C347B005B95C3 /* Frameworks */,
				19FE3F28277C347B005B95C3 /* Resources */,
			);
			buildRules = (
			);
			dependencies = (
				19FE3F2C277C347B005B95C3 /* PBXTargetDependency */,
			);
			name = MetronomeUITests;
			productName = MetronomeUITests;
			productReference = 19FE3F2A277C347B005B95C3 /* MetronomeUITests.xctest */;
			productType = "com.apple.product-type.bundle.ui-testing";
		};
/* End PBXNativeTarget section */

/* Begin PBXProject section */
		19FE3F08277C3479005B95C3 /* Project object */ = {
			isa = PBXProject;
			attributes = {
				BuildIndependentTargetsInParallel = 1;
				LastSwiftUpdateCheck = 1320;
				LastUpgradeCheck = 1320;
				TargetAttributes = {
					19FE3F0F277C3479005B95C3 = {
						CreatedOnToolsVersion = 13.2.1;
					};
					19FE3F1F277C347B005B95C3 = {
						CreatedOnToolsVersion = 13.2.1;
						TestTargetID = 19FE3F0F277C3479005B95C3;
					};
					19FE3F29277C347B005B95C3 = {
						CreatedOnToolsVersion = 13.2.1;
						TestTargetID = 19FE3F0F277C3479005B95C3;
					};
				};
			};
			buildConfigurationList = 19FE3F0B277C3479005B95C3 /* Build configuration list for PBXProject "Metronome" */;
			compatibilityVersion = "Xcode 13.0";
			developmentRegion = en;
			hasScannedForEncodings = 0;
			knownRegions = (
				en,
				Base,
			);
			mainGroup = 19FE3F07277C3479005B95C3;
			productRefGroup = 19FE3F11277C3479005B95C3 /* Products */;
			projectDirPath = "";
			projectRoot = "";
			targets = (
				19FE3F0F277C3479005B95C3 /* Metronome */,
				19FE3F1F277C347B005B95C3 /* MetronomeTests */,
				19FE3F29277C347B005B95C3 /* MetronomeUITests */,
			);
		};
/* End PBXProject section */

/* Begin PBXResourcesBuildPhase section */
		19FE3F0E277C3479005B95C3 /* Resources */ = {
			isa = PBXResourcesBuildPhase;
			buildActionMask = 2147483647;
			files = (
				1983DF2A2782829200708423 /* Low Seiko SQ50.wav in Resources */,
				19FE3F1B277C347A005B95C3 /* Preview Assets.xcassets in Resources */,
				19FE3F42277E45C4005B95C3 /* High Seiko SQ50.wav in Resources */,
				19FE3F18277C347A005B95C3 /* Assets.xcassets in Resources */,
			);
			runOnlyForDeploymentPostprocessing = 0;
		};
		19FE3F1E277C347B005B95C3 /* Resources */ = {
			isa = PBXResourcesBuildPhase;
			buildActionMask = 2147483647;
			files = (
			);
			runOnlyForDeploymentPostprocessing = 0;
		};
		19FE3F28277C347B005B95C3 /* Resources */ = {
			isa = PBXResourcesBuildPhase;
			buildActionMask = 2147483647;
			files = (
			);
			runOnlyForDeploymentPostprocessing = 0;
		};
/* End PBXResourcesBuildPhase section */

/* Begin PBXSourcesBuildPhase section */
		19FE3F0C277C3479005B95C3 /* Sources */ = {
			isa = PBXSourcesBuildPhase;
			buildActionMask = 2147483647;
			files = (
				19FE3F3E277E35E8005B95C3 /* Metronome.swift in Sources */,
				19FE3F16277C3479005B95C3 /* ContentView.swift in Sources */,
				192585D52780F91900911F24 /* PickerView.swift in Sources */,
				19FE3F14277C3479005B95C3 /* MetronomeApp.swift in Sources */,
			);
			runOnlyForDeploymentPostprocessing = 0;
		};
		19FE3F1C277C347B005B95C3 /* Sources */ = {
			isa = PBXSourcesBuildPhase;
			buildActionMask = 2147483647;
			files = (
				19FE3F25277C347B005B95C3 /* MetronomeTests.swift in Sources */,
			);
			runOnlyForDeploymentPostprocessing = 0;
		};
		19FE3F26277C347B005B95C3 /* Sources */ = {
			isa = PBXSourcesBuildPhase;
			buildActionMask = 2147483647;
			files = (
				19FE3F2F277C347B005B95C3 /* MetronomeUITests.swift in Sources */,
				19FE3F31277C347B005B95C3 /* MetronomeUITestsLaunchTests.swift in Sources */,
			);
			runOnlyForDeploymentPostprocessing = 0;
		};
/* End PBXSourcesBuildPhase section */

/* Begin PBXTargetDependency section */
		19FE3F22277C347B005B95C3 /* PBXTargetDependency */ = {
			isa = PBXTargetDependency;
			target = 19FE3F0F277C3479005B95C3 /* Metronome */;
			targetProxy = 19FE3F21277C347B005B95C3 /* PBXContainerItemProxy */;
		};
		19FE3F2C277C347B005B95C3 /* PBXTargetDependency */ = {
			isa = PBXTargetDependency;
			target = 19FE3F0F277C3479005B95C3 /* Metronome */;
			targetProxy = 19FE3F2B277C347B005B95C3 /* PBXContainerItemProxy */;
		};
/* End PBXTargetDependency section */

/* Begin XCBuildConfiguration section */
		19FE3F32277C347B005B95C3 /* Debug */ = {
			isa = XCBuildConfiguration;
			buildSettings = {
				ALWAYS_SEARCH_USER_PATHS = NO;
				CLANG_ANALYZER_NONNULL = YES;
				CLANG_ANALYZER_NUMBER_OBJECT_CONVERSION = YES_AGGRESSIVE;
				CLANG_CXX_LANGUAGE_STANDARD = "gnu++17";
				CLANG_CXX_LIBRARY = "libc++";
				CLANG_ENABLE_MODULES = YES;
				CLANG_ENABLE_OBJC_ARC = YES;
				CLANG_ENABLE_OBJC_WEAK = YES;
				CLANG_WARN_BLOCK_CAPTURE_AUTORELEASING = YES;
				CLANG_WARN_BOOL_CONVERSION = YES;
				CLANG_WARN_COMMA = YES;
				CLANG_WARN_CONSTANT_CONVERSION = YES;
				CLANG_WARN_DEPRECATED_OBJC_IMPLEMENTATIONS = YES;
				CLANG_WARN_DIRECT_OBJC_ISA_USAGE = YES_ERROR;
				CLANG_WARN_DOCUMENTATION_COMMENTS = YES;
				CLANG_WARN_EMPTY_BODY = YES;
				CLANG_WARN_ENUM_CONVERSION = YES;
				CLANG_WARN_INFINITE_RECURSION = YES;
				CLANG_WARN_INT_CONVERSION = YES;
				CLANG_WARN_NON_LITERAL_NULL_CONVERSION = YES;
				CLANG_WARN_OBJC_IMPLICIT_RETAIN_SELF = YES;
				CLANG_WARN_OBJC_LITERAL_CONVERSION = YES;
				CLANG_WARN_OBJC_ROOT_CLASS = YES_ERROR;
				CLANG_WARN_QUOTED_INCLUDE_IN_FRAMEWORK_HEADER = YES;
				CLANG_WARN_RANGE_LOOP_ANALYSIS = YES;
				CLANG_WARN_STRICT_PROTOTYPES = YES;
				CLANG_WARN_SUSPICIOUS_MOVE = YES;
				CLANG_WARN_UNGUARDED_AVAILABILITY = YES_AGGRESSIVE;
				CLANG_WARN_UNREACHABLE_CODE = YES;
				CLANG_WARN__DUPLICATE_METHOD_MATCH = YES;
				COPY_PHASE_STRIP = NO;
				DEBUG_INFORMATION_FORMAT = dwarf;
				ENABLE_STRICT_OBJC_MSGSEND = YES;
				ENABLE_TESTABILITY = YES;
				GCC_C_LANGUAGE_STANDARD = gnu11;
				GCC_DYNAMIC_NO_PIC = NO;
				GCC_NO_COMMON_BLOCKS = YES;
				GCC_OPTIMIZATION_LEVEL = 0;
				GCC_PREPROCESSOR_DEFINITIONS = (
					"DEBUG=1",
					"$(inherited)",
				);
				GCC_WARN_64_TO_32_BIT_CONVERSION = YES;
				GCC_WARN_ABOUT_RETURN_TYPE = YES_ERROR;
				GCC_WARN_UNDECLARED_SELECTOR = YES;
				GCC_WARN_UNINITIALIZED_AUTOS = YES_AGGRESSIVE;
				GCC_WARN_UNUSED_FUNCTION = YES;
				GCC_WARN_UNUSED_VARIABLE = YES;
				IPHONEOS_DEPLOYMENT_TARGET = 15.2;
				MTL_ENABLE_DEBUG_INFO = INCLUDE_SOURCE;
				MTL_FAST_MATH = YES;
				ONLY_ACTIVE_ARCH = YES;
				SDKROOT = iphoneos;
				SWIFT_ACTIVE_COMPILATION_CONDITIONS = DEBUG;
				SWIFT_OPTIMIZATION_LEVEL = "-Onone";
			};
			name = Debug;
		};
		19FE3F33277C347B005B95C3 /* Release */ = {
			isa = XCBuildConfiguration;
			buildSettings = {
				ALWAYS_SEARCH_USER_PATHS = NO;
				CLANG_ANALYZER_NONNULL = YES;
				CLANG_ANALYZER_NUMBER_OBJECT_CONVERSION = YES_AGGRESSIVE;
				CLANG_CXX_LANGUAGE_STANDARD = "gnu++17";
				CLANG_CXX_LIBRARY = "libc++";
				CLANG_ENABLE_MODULES = YES;
				CLANG_ENABLE_OBJC_ARC = YES;
				CLANG_ENABLE_OBJC_WEAK = YES;
				CLANG_WARN_BLOCK_CAPTURE_AUTORELEASING = YES;
				CLANG_WARN_BOOL_CONVERSION = YES;
				CLANG_WARN_COMMA = YES;
				CLANG_WARN_CONSTANT_CONVERSION = YES;
				CLANG_WARN_DEPRECATED_OBJC_IMPLEMENTATIONS = YES;
				CLANG_WARN_DIRECT_OBJC_ISA_USAGE = YES_ERROR;
				CLANG_WARN_DOCUMENTATION_COMMENTS = YES;
				CLANG_WARN_EMPTY_BODY = YES;
				CLANG_WARN_ENUM_CONVERSION = YES;
				CLANG_WARN_INFINITE_RECURSION = YES;
				CLANG_WARN_INT_CONVERSION = YES;
				CLANG_WARN_NON_LITERAL_NULL_CONVERSION = YES;
				CLANG_WARN_OBJC_IMPLICIT_RETAIN_SELF = YES;
				CLANG_WARN_OBJC_LITERAL_CONVERSION = YES;
				CLANG_WARN_OBJC_ROOT_CLASS = YES_ERROR;
				CLANG_WARN_QUOTED_INCLUDE_IN_FRAMEWORK_HEADER = YES;
				CLANG_WARN_RANGE_LOOP_ANALYSIS = YES;
				CLANG_WARN_STRICT_PROTOTYPES = YES;
				CLANG_WARN_SUSPICIOUS_MOVE = YES;
				CLANG_WARN_UNGUARDED_AVAILABILITY = YES_AGGRESSIVE;
				CLANG_WARN_UNREACHABLE_CODE = YES;
				CLANG_WARN__DUPLICATE_METHOD_MATCH = YES;
				COPY_PHASE_STRIP = NO;
				DEBUG_INFORMATION_FORMAT = "dwarf-with-dsym";
				ENABLE_NS_ASSERTIONS = NO;
				ENABLE_STRICT_OBJC_MSGSEND = YES;
				GCC_C_LANGUAGE_STANDARD = gnu11;
				GCC_NO_COMMON_BLOCKS = YES;
				GCC_WARN_64_TO_32_BIT_CONVERSION = YES;
				GCC_WARN_ABOUT_RETURN_TYPE = YES_ERROR;
				GCC_WARN_UNDECLARED_SELECTOR = YES;
				GCC_WARN_UNINITIALIZED_AUTOS = YES_AGGRESSIVE;
				GCC_WARN_UNUSED_FUNCTION = YES;
				GCC_WARN_UNUSED_VARIABLE = YES;
				IPHONEOS_DEPLOYMENT_TARGET = 15.2;
				MTL_ENABLE_DEBUG_INFO = NO;
				MTL_FAST_MATH = YES;
				SDKROOT = iphoneos;
				SWIFT_COMPILATION_MODE = wholemodule;
				SWIFT_OPTIMIZATION_LEVEL = "-O";
				VALIDATE_PRODUCT = YES;
			};
			name = Release;
		};
		19FE3F35277C347B005B95C3 /* Debug */ = {
			isa = XCBuildConfiguration;
			buildSettings = {
				ASSETCATALOG_COMPILER_APPICON_NAME = AppIcon;
				ASSETCATALOG_COMPILER_GLOBAL_ACCENT_COLOR_NAME = AccentColor;
				CODE_SIGN_STYLE = Automatic;
				CURRENT_PROJECT_VERSION = 1;
				DEVELOPMENT_ASSET_PATHS = "\"Metronome/Preview Content\"";
				ENABLE_PREVIEWS = YES;
				GENERATE_INFOPLIST_FILE = YES;
				INFOPLIST_KEY_UIApplicationSceneManifest_Generation = YES;
				INFOPLIST_KEY_UIApplicationSupportsIndirectInputEvents = YES;
				INFOPLIST_KEY_UILaunchScreen_Generation = YES;
				INFOPLIST_KEY_UISupportedInterfaceOrientations_iPad = "UIInterfaceOrientationPortrait UIInterfaceOrientationPortraitUpsideDown UIInterfaceOrientationLandscapeLeft UIInterfaceOrientationLandscapeRight";
				INFOPLIST_KEY_UISupportedInterfaceOrientations_iPhone = "UIInterfaceOrientationPortrait UIInterfaceOrientationLandscapeLeft UIInterfaceOrientationLandscapeRight";
				LD_RUNPATH_SEARCH_PATHS = (
					"$(inherited)",
					"@executable_path/Frameworks",
				);
				MARKETING_VERSION = 1.0;
				PRODUCT_BUNDLE_IDENTIFIER = BlinstSis.Metronome;
				PRODUCT_NAME = "$(TARGET_NAME)";
				SWIFT_EMIT_LOC_STRINGS = YES;
				SWIFT_VERSION = 5.0;
				TARGETED_DEVICE_FAMILY = "1,2";
			};
			name = Debug;
		};
		19FE3F36277C347B005B95C3 /* Release */ = {
			isa = XCBuildConfiguration;
			buildSettings = {
				ASSETCATALOG_COMPILER_APPICON_NAME = AppIcon;
				ASSETCATALOG_COMPILER_GLOBAL_ACCENT_COLOR_NAME = AccentColor;
				CODE_SIGN_STYLE = Automatic;
				CURRENT_PROJECT_VERSION = 1;
				DEVELOPMENT_ASSET_PATHS = "\"Metronome/Preview Content\"";
				ENABLE_PREVIEWS = YES;
				GENERATE_INFOPLIST_FILE = YES;
				INFOPLIST_KEY_UIApplicationSceneManifest_Generation = YES;
				INFOPLIST_KEY_UIApplicationSupportsIndirectInputEvents = YES;
				INFOPLIST_KEY_UILaunchScreen_Generation = YES;
				INFOPLIST_KEY_UISupportedInterfaceOrientations_iPad = "UIInterfaceOrientationPortrait UIInterfaceOrientationPortraitUpsideDown UIInterfaceOrientationLandscapeLeft UIInterfaceOrientationLandscapeRight";
				INFOPLIST_KEY_UISupportedInterfaceOrientations_iPhone = "UIInterfaceOrientationPortrait UIInterfaceOrientationLandscapeLeft UIInterfaceOrientationLandscapeRight";
				LD_RUNPATH_SEARCH_PATHS = (
					"$(inherited)",
					"@executable_path/Frameworks",
				);
				MARKETING_VERSION = 1.0;
				PRODUCT_BUNDLE_IDENTIFIER = BlinstSis.Metronome;
				PRODUCT_NAME = "$(TARGET_NAME)";
				SWIFT_EMIT_LOC_STRINGS = YES;
				SWIFT_VERSION = 5.0;
				TARGETED_DEVICE_FAMILY = "1,2";
			};
			name = Release;
		};
		19FE3F38277C347B005B95C3 /* Debug */ = {
			isa = XCBuildConfiguration;
			buildSettings = {
				ALWAYS_EMBED_SWIFT_STANDARD_LIBRARIES = YES;
				BUNDLE_LOADER = "$(TEST_HOST)";
				CODE_SIGN_STYLE = Automatic;
				CURRENT_PROJECT_VERSION = 1;
				GENERATE_INFOPLIST_FILE = YES;
				IPHONEOS_DEPLOYMENT_TARGET = 15.2;
				MARKETING_VERSION = 1.0;
				PRODUCT_BUNDLE_IDENTIFIER = BlinstSis.MetronomeTests;
				PRODUCT_NAME = "$(TARGET_NAME)";
				SWIFT_EMIT_LOC_STRINGS = NO;
				SWIFT_VERSION = 5.0;
				TARGETED_DEVICE_FAMILY = "1,2";
				TEST_HOST = "$(BUILT_PRODUCTS_DIR)/Metronome.app/Metronome";
			};
			name = Debug;
		};
		19FE3F39277C347B005B95C3 /* Release */ = {
			isa = XCBuildConfiguration;
			buildSettings = {
				ALWAYS_EMBED_SWIFT_STANDARD_LIBRARIES = YES;
				BUNDLE_LOADER = "$(TEST_HOST)";
				CODE_SIGN_STYLE = Automatic;
				CURRENT_PROJECT_VERSION = 1;
				GENERATE_INFOPLIST_FILE = YES;
				IPHONEOS_DEPLOYMENT_TARGET = 15.2;
				MARKETING_VERSION = 1.0;
				PRODUCT_BUNDLE_IDENTIFIER = BlinstSis.MetronomeTests;
				PRODUCT_NAME = "$(TARGET_NAME)";
				SWIFT_EMIT_LOC_STRINGS = NO;
				SWIFT_VERSION = 5.0;
				TARGETED_DEVICE_FAMILY = "1,2";
				TEST_HOST = "$(BUILT_PRODUCTS_DIR)/Metronome.app/Metronome";
			};
			name = Release;
		};
		19FE3F3B277C347B005B95C3 /* Debug */ = {
			isa = XCBuildConfiguration;
			buildSettings = {
				ALWAYS_EMBED_SWIFT_STANDARD_LIBRARIES = YES;
				CODE_SIGN_STYLE = Automatic;
				CURRENT_PROJECT_VERSION = 1;
				GENERATE_INFOPLIST_FILE = YES;
				MARKETING_VERSION = 1.0;
				PRODUCT_BUNDLE_IDENTIFIER = BlinstSis.MetronomeUITests;
				PRODUCT_NAME = "$(TARGET_NAME)";
				SWIFT_EMIT_LOC_STRINGS = NO;
				SWIFT_VERSION = 5.0;
				TARGETED_DEVICE_FAMILY = "1,2";
				TEST_TARGET_NAME = Metronome;
			};
			name = Debug;
		};
		19FE3F3C277C347B005B95C3 /* Release */ = {
			isa = XCBuildConfiguration;
			buildSettings = {
				ALWAYS_EMBED_SWIFT_STANDARD_LIBRARIES = YES;
				CODE_SIGN_STYLE = Automatic;
				CURRENT_PROJECT_VERSION = 1;
				GENERATE_INFOPLIST_FILE = YES;
				MARKETING_VERSION = 1.0;
				PRODUCT_BUNDLE_IDENTIFIER = BlinstSis.MetronomeUITests;
				PRODUCT_NAME = "$(TARGET_NAME)";
				SWIFT_EMIT_LOC_STRINGS = NO;
				SWIFT_VERSION = 5.0;
				TARGETED_DEVICE_FAMILY = "1,2";
				TEST_TARGET_NAME = Metronome;
			};
			name = Release;
		};
/* End XCBuildConfiguration section */

/* Begin XCConfigurationList section */
		19FE3F0B277C3479005B95C3 /* Build configuration list for PBXProject "Metronome" */ = {
			isa = XCConfigurationList;
			buildConfigurations = (
				19FE3F32277C347B005B95C3 /* Debug */,
				19FE3F33277C347B005B95C3 /* Release */,
			);
			defaultConfigurationIsVisible = 0;
			defaultConfigurationName = Release;
		};
		19FE3F34277C347B005B95C3 /* Build configuration list for PBXNativeTarget "Metronome" */ = {
			isa = XCConfigurationList;
			buildConfigurations = (
				19FE3F35277C347B005B95C3 /* Debug */,
				19FE3F36277C347B005B95C3 /* Release */,
			);
			defaultConfigurationIsVisible = 0;
			defaultConfigurationName = Release;
		};
		19FE3F37277C347B005B95C3 /* Build configuration list for PBXNativeTarget "MetronomeTests" */ = {
			isa = XCConfigurationList;
			buildConfigurations = (
				19FE3F38277C347B005B95C3 /* Debug */,
				19FE3F39277C347B005B95C3 /* Release */,
			);
			defaultConfigurationIsVisible = 0;
			defaultConfigurationName = Release;
		};
		19FE3F3A277C347B005B95C3 /* Build configuration list for PBXNativeTarget "MetronomeUITests" */ = {
			isa = XCConfigurationList;
			buildConfigurations = (
				19FE3F3B277C347B005B95C3 /* Debug */,
				19FE3F3C277C347B005B95C3 /* Release */,
			);
			defaultConfigurationIsVisible = 0;
			defaultConfigurationName = Release;
		};
/* End XCConfigurationList section */
	};
	rootObject = 19FE3F08277C3479005B95C3 /* Project object */;
}
